// !$*UTF8*$!
{
	archiveVersion = 1;
	classes = {
	};
	objectVersion = 50;
	objects = {

/* Begin PBXBuildFile section */
		48086C5420CB170700C856F7 /* ClubsViewController.swift in Sources */ = {isa = PBXBuildFile; fileRef = 48086C5320CB170700C856F7 /* ClubsViewController.swift */; };
		48086C5720CB2F9700C856F7 /* ClubCell.swift in Sources */ = {isa = PBXBuildFile; fileRef = 48086C5620CB2F9700C856F7 /* ClubCell.swift */; };
		48086C5920CB2FC000C856F7 /* Club.swift in Sources */ = {isa = PBXBuildFile; fileRef = 48086C5820CB2FC000C856F7 /* Club.swift */; };
		48086C5B20CC89D700C856F7 /* ClubDetailViewController.swift in Sources */ = {isa = PBXBuildFile; fileRef = 48086C5A20CC89D700C856F7 /* ClubDetailViewController.swift */; };
		4811752120C9B6B3000F070C /* EventDetailViewController.swift in Sources */ = {isa = PBXBuildFile; fileRef = 4811752020C9B6B3000F070C /* EventDetailViewController.swift */; };
		4811752320C9B7BE000F070C /* AppColors.swift in Sources */ = {isa = PBXBuildFile; fileRef = 4811752220C9B7BE000F070C /* AppColors.swift */; };
		4811752520C9CF39000F070C /* Event.swift in Sources */ = {isa = PBXBuildFile; fileRef = 4811752420C9CF39000F070C /* Event.swift */; };
		48BC4CA220CF176F000032D1 /* HomeViewController.swift in Sources */ = {isa = PBXBuildFile; fileRef = 48BC4CA120CF176F000032D1 /* HomeViewController.swift */; };
		48BC4CA420CF3A16000032D1 /* CafeteriaCell.swift in Sources */ = {isa = PBXBuildFile; fileRef = 48BC4CA320CF3A16000032D1 /* CafeteriaCell.swift */; };
		48BC4CA620CF3E5E000032D1 /* Menu.swift in Sources */ = {isa = PBXBuildFile; fileRef = 48BC4CA520CF3E5E000032D1 /* Menu.swift */; };
		48BC4CA920CF510D000032D1 /* MenuDetailViewController.swift in Sources */ = {isa = PBXBuildFile; fileRef = 48BC4CA820CF510D000032D1 /* MenuDetailViewController.swift */; };
		48BC4CAB20CF5202000032D1 /* MenuItemCell.swift in Sources */ = {isa = PBXBuildFile; fileRef = 48BC4CAA20CF5202000032D1 /* MenuItemCell.swift */; };
		48BFE46420C8A35F00E656D7 /* AppDelegate.swift in Sources */ = {isa = PBXBuildFile; fileRef = 48BFE46320C8A35F00E656D7 /* AppDelegate.swift */; };
		48BFE46620C8A35F00E656D7 /* InitialTabBarController.swift in Sources */ = {isa = PBXBuildFile; fileRef = 48BFE46520C8A35F00E656D7 /* InitialTabBarController.swift */; };
		48BFE46B20C8A36100E656D7 /* Assets.xcassets in Resources */ = {isa = PBXBuildFile; fileRef = 48BFE46A20C8A36100E656D7 /* Assets.xcassets */; };
		48E6105420C8B3BA00DFC232 /* EventsViewController.swift in Sources */ = {isa = PBXBuildFile; fileRef = 48E6105320C8B3BA00DFC232 /* EventsViewController.swift */; };
		48E6105920C8C1C400DFC232 /* EventCell.swift in Sources */ = {isa = PBXBuildFile; fileRef = 48E6105820C8C1C400DFC232 /* EventCell.swift */; };
		8450390920CC8CD600A4C803 /* ClassDetailHeaderView.swift in Sources */ = {isa = PBXBuildFile; fileRef = 8450390820CC8CD600A4C803 /* ClassDetailHeaderView.swift */; };
		8450391220CDFFF900A4C803 /* ProgressTableCell.swift in Sources */ = {isa = PBXBuildFile; fileRef = 8450391120CDFFF900A4C803 /* ProgressTableCell.swift */; };
		8450391420CE004600A4C803 /* ProgressCollectionCell.swift in Sources */ = {isa = PBXBuildFile; fileRef = 8450391320CE004600A4C803 /* ProgressCollectionCell.swift */; };
		8450391620CE377800A4C803 /* TableviewHeaderHelper.swift in Sources */ = {isa = PBXBuildFile; fileRef = 8450391520CE377800A4C803 /* TableviewHeaderHelper.swift */; };
		848C641020C9B8950012A287 /* ClassesViewController.swift in Sources */ = {isa = PBXBuildFile; fileRef = 848C640F20C9B8950012A287 /* ClassesViewController.swift */; };
		848C641220C9BA0B0012A287 /* ClassCell.swift in Sources */ = {isa = PBXBuildFile; fileRef = 848C641120C9BA0B0012A287 /* ClassCell.swift */; };
		848C641720C9BB5C0012A287 /* Assignment.swift in Sources */ = {isa = PBXBuildFile; fileRef = 848C641620C9BB5C0012A287 /* Assignment.swift */; };
		848C641920C9BD570012A287 /* Classroom.swift in Sources */ = {isa = PBXBuildFile; fileRef = 848C641820C9BD570012A287 /* Classroom.swift */; };
		848C641B20CAEF000012A287 /* ClassDetailViewController.swift in Sources */ = {isa = PBXBuildFile; fileRef = 848C641A20CAEF000012A287 /* ClassDetailViewController.swift */; };
		848C641D20CB07BD0012A287 /* AssignmentCell.swift in Sources */ = {isa = PBXBuildFile; fileRef = 848C641C20CB07BD0012A287 /* AssignmentCell.swift */; };
		F6619CE9BC363CC1BBCE3989 /* Pods_HSAPP_iOS.framework in Frameworks */ = {isa = PBXBuildFile; fileRef = B6243E1B92D267EA403D6084 /* Pods_HSAPP_iOS.framework */; };
/* End PBXBuildFile section */

/* Begin PBXFileReference section */
		48086C5320CB170700C856F7 /* ClubsViewController.swift */ = {isa = PBXFileReference; lastKnownFileType = sourcecode.swift; path = ClubsViewController.swift; sourceTree = "<group>"; };
		48086C5620CB2F9700C856F7 /* ClubCell.swift */ = {isa = PBXFileReference; lastKnownFileType = sourcecode.swift; path = ClubCell.swift; sourceTree = "<group>"; };
		48086C5820CB2FC000C856F7 /* Club.swift */ = {isa = PBXFileReference; lastKnownFileType = sourcecode.swift; path = Club.swift; sourceTree = "<group>"; };
		48086C5A20CC89D700C856F7 /* ClubDetailViewController.swift */ = {isa = PBXFileReference; lastKnownFileType = sourcecode.swift; path = ClubDetailViewController.swift; sourceTree = "<group>"; };
		4811752020C9B6B3000F070C /* EventDetailViewController.swift */ = {isa = PBXFileReference; lastKnownFileType = sourcecode.swift; path = EventDetailViewController.swift; sourceTree = "<group>"; };
		4811752220C9B7BE000F070C /* AppColors.swift */ = {isa = PBXFileReference; lastKnownFileType = sourcecode.swift; path = AppColors.swift; sourceTree = "<group>"; };
		4811752420C9CF39000F070C /* Event.swift */ = {isa = PBXFileReference; fileEncoding = 4; lastKnownFileType = sourcecode.swift; path = Event.swift; sourceTree = "<group>"; };
		48BC4CA120CF176F000032D1 /* HomeViewController.swift */ = {isa = PBXFileReference; lastKnownFileType = sourcecode.swift; path = HomeViewController.swift; sourceTree = "<group>"; };
		48BC4CA320CF3A16000032D1 /* CafeteriaCell.swift */ = {isa = PBXFileReference; lastKnownFileType = sourcecode.swift; path = CafeteriaCell.swift; sourceTree = "<group>"; };
		48BC4CA520CF3E5E000032D1 /* Menu.swift */ = {isa = PBXFileReference; lastKnownFileType = sourcecode.swift; path = Menu.swift; sourceTree = "<group>"; };
		48BC4CA820CF510D000032D1 /* MenuDetailViewController.swift */ = {isa = PBXFileReference; lastKnownFileType = sourcecode.swift; path = MenuDetailViewController.swift; sourceTree = "<group>"; };
		48BC4CAA20CF5202000032D1 /* MenuItemCell.swift */ = {isa = PBXFileReference; lastKnownFileType = sourcecode.swift; path = MenuItemCell.swift; sourceTree = "<group>"; };
		48BFE46020C8A35F00E656D7 /* HSAPP-iOS.app */ = {isa = PBXFileReference; explicitFileType = wrapper.application; includeInIndex = 0; path = "HSAPP-iOS.app"; sourceTree = BUILT_PRODUCTS_DIR; };
		48BFE46320C8A35F00E656D7 /* AppDelegate.swift */ = {isa = PBXFileReference; lastKnownFileType = sourcecode.swift; path = AppDelegate.swift; sourceTree = "<group>"; };
		48BFE46520C8A35F00E656D7 /* InitialTabBarController.swift */ = {isa = PBXFileReference; lastKnownFileType = sourcecode.swift; path = InitialTabBarController.swift; sourceTree = "<group>"; };
		48BFE46A20C8A36100E656D7 /* Assets.xcassets */ = {isa = PBXFileReference; lastKnownFileType = folder.assetcatalog; path = Assets.xcassets; sourceTree = "<group>"; };
		48BFE46F20C8A36100E656D7 /* Info.plist */ = {isa = PBXFileReference; lastKnownFileType = text.plist.xml; path = Info.plist; sourceTree = "<group>"; };
		48E6105320C8B3BA00DFC232 /* EventsViewController.swift */ = {isa = PBXFileReference; lastKnownFileType = sourcecode.swift; path = EventsViewController.swift; sourceTree = "<group>"; };
		48E6105820C8C1C400DFC232 /* EventCell.swift */ = {isa = PBXFileReference; lastKnownFileType = sourcecode.swift; path = EventCell.swift; sourceTree = "<group>"; };
		8450390820CC8CD600A4C803 /* ClassDetailHeaderView.swift */ = {isa = PBXFileReference; lastKnownFileType = sourcecode.swift; path = ClassDetailHeaderView.swift; sourceTree = "<group>"; };
		8450391120CDFFF900A4C803 /* ProgressTableCell.swift */ = {isa = PBXFileReference; lastKnownFileType = sourcecode.swift; path = ProgressTableCell.swift; sourceTree = "<group>"; };
		8450391320CE004600A4C803 /* ProgressCollectionCell.swift */ = {isa = PBXFileReference; lastKnownFileType = sourcecode.swift; path = ProgressCollectionCell.swift; sourceTree = "<group>"; };
		8450391520CE377800A4C803 /* TableviewHeaderHelper.swift */ = {isa = PBXFileReference; lastKnownFileType = sourcecode.swift; path = TableviewHeaderHelper.swift; sourceTree = "<group>"; };
		848C640F20C9B8950012A287 /* ClassesViewController.swift */ = {isa = PBXFileReference; lastKnownFileType = sourcecode.swift; path = ClassesViewController.swift; sourceTree = "<group>"; };
		848C641120C9BA0B0012A287 /* ClassCell.swift */ = {isa = PBXFileReference; lastKnownFileType = sourcecode.swift; path = ClassCell.swift; sourceTree = "<group>"; };
		848C641620C9BB5C0012A287 /* Assignment.swift */ = {isa = PBXFileReference; lastKnownFileType = sourcecode.swift; path = Assignment.swift; sourceTree = "<group>"; };
		848C641820C9BD570012A287 /* Classroom.swift */ = {isa = PBXFileReference; lastKnownFileType = sourcecode.swift; path = Classroom.swift; sourceTree = "<group>"; };
		848C641A20CAEF000012A287 /* ClassDetailViewController.swift */ = {isa = PBXFileReference; lastKnownFileType = sourcecode.swift; path = ClassDetailViewController.swift; sourceTree = "<group>"; };
		848C641C20CB07BD0012A287 /* AssignmentCell.swift */ = {isa = PBXFileReference; lastKnownFileType = sourcecode.swift; path = AssignmentCell.swift; sourceTree = "<group>"; };
		B6243E1B92D267EA403D6084 /* Pods_HSAPP_iOS.framework */ = {isa = PBXFileReference; explicitFileType = wrapper.framework; includeInIndex = 0; path = Pods_HSAPP_iOS.framework; sourceTree = BUILT_PRODUCTS_DIR; };
		CC10160B62AD6FFA04666A5B /* Pods-HSAPP-iOS.debug.xcconfig */ = {isa = PBXFileReference; includeInIndex = 1; lastKnownFileType = text.xcconfig; name = "Pods-HSAPP-iOS.debug.xcconfig"; path = "Pods/Target Support Files/Pods-HSAPP-iOS/Pods-HSAPP-iOS.debug.xcconfig"; sourceTree = "<group>"; };
		EB1BD374D78CD1AFE1CB1DF8 /* Pods-HSAPP-iOS.release.xcconfig */ = {isa = PBXFileReference; includeInIndex = 1; lastKnownFileType = text.xcconfig; name = "Pods-HSAPP-iOS.release.xcconfig"; path = "Pods/Target Support Files/Pods-HSAPP-iOS/Pods-HSAPP-iOS.release.xcconfig"; sourceTree = "<group>"; };
/* End PBXFileReference section */

/* Begin PBXFrameworksBuildPhase section */
		48BFE45D20C8A35F00E656D7 /* Frameworks */ = {
			isa = PBXFrameworksBuildPhase;
			buildActionMask = 2147483647;
			files = (
				F6619CE9BC363CC1BBCE3989 /* Pods_HSAPP_iOS.framework in Frameworks */,
			);
			runOnlyForDeploymentPostprocessing = 0;
		};
/* End PBXFrameworksBuildPhase section */

/* Begin PBXGroup section */
		4417735B7924CCE21E9AF4AD /* Pods */ = {
			isa = PBXGroup;
			children = (
				CC10160B62AD6FFA04666A5B /* Pods-HSAPP-iOS.debug.xcconfig */,
				EB1BD374D78CD1AFE1CB1DF8 /* Pods-HSAPP-iOS.release.xcconfig */,
			);
			name = Pods;
			sourceTree = "<group>";
		};
		48086C5220CB15CC00C856F7 /* ClubsVC */ = {
			isa = PBXGroup;
			children = (
				48086C5820CB2FC000C856F7 /* Club.swift */,
				48086C5320CB170700C856F7 /* ClubsViewController.swift */,
				48086C5620CB2F9700C856F7 /* ClubCell.swift */,
				48086C5A20CC89D700C856F7 /* ClubDetailViewController.swift */,
			);
			path = ClubsVC;
			sourceTree = "<group>";
		};
		48BC4CA020CF175A000032D1 /* HomeVC */ = {
			isa = PBXGroup;
			children = (
				48BC4CA120CF176F000032D1 /* HomeViewController.swift */,
				48BC4CA720CF3E62000032D1 /* Cafeteria */,
			);
			path = HomeVC;
			sourceTree = "<group>";
		};
		48BC4CA720CF3E62000032D1 /* Cafeteria */ = {
			isa = PBXGroup;
			children = (
				48BC4CA320CF3A16000032D1 /* CafeteriaCell.swift */,
				48BC4CA520CF3E5E000032D1 /* Menu.swift */,
				48BC4CA820CF510D000032D1 /* MenuDetailViewController.swift */,
				48BC4CAA20CF5202000032D1 /* MenuItemCell.swift */,
			);
			path = Cafeteria;
			sourceTree = "<group>";
		};
		48BFE45720C8A35F00E656D7 = {
			isa = PBXGroup;
			children = (
				48BFE46220C8A35F00E656D7 /* HSAPP-iOS */,
				48BFE46120C8A35F00E656D7 /* Products */,
				4417735B7924CCE21E9AF4AD /* Pods */,
				A460B84C9DE91E8D6FAFEBC2 /* Frameworks */,
			);
			sourceTree = "<group>";
		};
		48BFE46120C8A35F00E656D7 /* Products */ = {
			isa = PBXGroup;
			children = (
				48BFE46020C8A35F00E656D7 /* HSAPP-iOS.app */,
			);
			name = Products;
			sourceTree = "<group>";
		};
		48BFE46220C8A35F00E656D7 /* HSAPP-iOS */ = {
			isa = PBXGroup;
			children = (
				48BFE46320C8A35F00E656D7 /* AppDelegate.swift */,
				4811752220C9B7BE000F070C /* AppColors.swift */,
				48BFE46520C8A35F00E656D7 /* InitialTabBarController.swift */,
				848C641320C9BA100012A287 /* ClassesVC */,
				48E6105720C8C17600DFC232 /* EventsVC */,
				48086C5220CB15CC00C856F7 /* ClubsVC */,
				48BC4CA020CF175A000032D1 /* HomeVC */,
				48BFE46A20C8A36100E656D7 /* Assets.xcassets */,
				48BFE46F20C8A36100E656D7 /* Info.plist */,
			);
			path = "HSAPP-iOS";
			sourceTree = "<group>";
		};
		48E6105720C8C17600DFC232 /* EventsVC */ = {
			isa = PBXGroup;
			children = (
				4811752420C9CF39000F070C /* Event.swift */,
				48E6105320C8B3BA00DFC232 /* EventsViewController.swift */,
				48E6105820C8C1C400DFC232 /* EventCell.swift */,
				4811752020C9B6B3000F070C /* EventDetailViewController.swift */,
			);
			path = EventsVC;
			sourceTree = "<group>";
		};
		8450391020CDF55400A4C803 /* ClassDetailVC */ = {
			isa = PBXGroup;
			children = (
				848C641620C9BB5C0012A287 /* Assignment.swift */,
				8450391520CE377800A4C803 /* TableviewHeaderHelper.swift */,
				8450390820CC8CD600A4C803 /* ClassDetailHeaderView.swift */,
				848C641A20CAEF000012A287 /* ClassDetailViewController.swift */,
				8450391120CDFFF900A4C803 /* ProgressTableCell.swift */,
				8450391320CE004600A4C803 /* ProgressCollectionCell.swift */,
				848C641C20CB07BD0012A287 /* AssignmentCell.swift */,
			);
			path = ClassDetailVC;
			sourceTree = "<group>";
		};
		848C641320C9BA100012A287 /* ClassesVC */ = {
			isa = PBXGroup;
			children = (
				848C641820C9BD570012A287 /* Classroom.swift */,
				848C640F20C9B8950012A287 /* ClassesViewController.swift */,
				848C641120C9BA0B0012A287 /* ClassCell.swift */,
				8450391020CDF55400A4C803 /* ClassDetailVC */,
			);
			path = ClassesVC;
			sourceTree = "<group>";
		};
		A460B84C9DE91E8D6FAFEBC2 /* Frameworks */ = {
			isa = PBXGroup;
			children = (
				B6243E1B92D267EA403D6084 /* Pods_HSAPP_iOS.framework */,
			);
			name = Frameworks;
			sourceTree = "<group>";
		};
/* End PBXGroup section */

/* Begin PBXNativeTarget section */
		48BFE45F20C8A35F00E656D7 /* HSAPP-iOS */ = {
			isa = PBXNativeTarget;
			buildConfigurationList = 48BFE47220C8A36100E656D7 /* Build configuration list for PBXNativeTarget "HSAPP-iOS" */;
			buildPhases = (
				154BE40AE2F23DAD9C5626A6 /* [CP] Check Pods Manifest.lock */,
				48BFE45C20C8A35F00E656D7 /* Sources */,
				48BFE45D20C8A35F00E656D7 /* Frameworks */,
				48BFE45E20C8A35F00E656D7 /* Resources */,
				2A70CDEDA4D5A6FF937D2DC7 /* [CP] Embed Pods Frameworks */,
			);
			buildRules = (
			);
			dependencies = (
			);
			name = "HSAPP-iOS";
			productName = "HSAPP-iOS";
			productReference = 48BFE46020C8A35F00E656D7 /* HSAPP-iOS.app */;
			productType = "com.apple.product-type.application";
		};
/* End PBXNativeTarget section */

/* Begin PBXProject section */
		48BFE45820C8A35F00E656D7 /* Project object */ = {
			isa = PBXProject;
			attributes = {
				LastSwiftUpdateCheck = 0940;
				LastUpgradeCheck = 0940;
				ORGANIZATIONNAME = "Tony Cioara";
				TargetAttributes = {
					48BFE45F20C8A35F00E656D7 = {
						CreatedOnToolsVersion = 9.4;
					};
				};
			};
			buildConfigurationList = 48BFE45B20C8A35F00E656D7 /* Build configuration list for PBXProject "HSAPP-iOS" */;
			compatibilityVersion = "Xcode 9.3";
			developmentRegion = en;
			hasScannedForEncodings = 0;
			knownRegions = (
				en,
				Base,
			);
			mainGroup = 48BFE45720C8A35F00E656D7;
			productRefGroup = 48BFE46120C8A35F00E656D7 /* Products */;
			projectDirPath = "";
			projectRoot = "";
			targets = (
				48BFE45F20C8A35F00E656D7 /* HSAPP-iOS */,
			);
		};
/* End PBXProject section */

/* Begin PBXResourcesBuildPhase section */
		48BFE45E20C8A35F00E656D7 /* Resources */ = {
			isa = PBXResourcesBuildPhase;
			buildActionMask = 2147483647;
			files = (
				48BFE46B20C8A36100E656D7 /* Assets.xcassets in Resources */,
			);
			runOnlyForDeploymentPostprocessing = 0;
		};
/* End PBXResourcesBuildPhase section */

/* Begin PBXShellScriptBuildPhase section */
		154BE40AE2F23DAD9C5626A6 /* [CP] Check Pods Manifest.lock */ = {
			isa = PBXShellScriptBuildPhase;
			buildActionMask = 2147483647;
			files = (
			);
			inputPaths = (
				"${PODS_PODFILE_DIR_PATH}/Podfile.lock",
				"${PODS_ROOT}/Manifest.lock",
			);
			name = "[CP] Check Pods Manifest.lock";
			outputPaths = (
				"$(DERIVED_FILE_DIR)/Pods-HSAPP-iOS-checkManifestLockResult.txt",
			);
			runOnlyForDeploymentPostprocessing = 0;
			shellPath = /bin/sh;
			shellScript = "diff \"${PODS_PODFILE_DIR_PATH}/Podfile.lock\" \"${PODS_ROOT}/Manifest.lock\" > /dev/null\nif [ $? != 0 ] ; then\n    # print error to STDERR\n    echo \"error: The sandbox is not in sync with the Podfile.lock. Run 'pod install' or update your CocoaPods installation.\" >&2\n    exit 1\nfi\n# This output is used by Xcode 'outputs' to avoid re-running this script phase.\necho \"SUCCESS\" > \"${SCRIPT_OUTPUT_FILE_0}\"\n";
			showEnvVarsInLog = 0;
		};
		2A70CDEDA4D5A6FF937D2DC7 /* [CP] Embed Pods Frameworks */ = {
			isa = PBXShellScriptBuildPhase;
			buildActionMask = 2147483647;
			files = (
			);
			inputPaths = (
				"${SRCROOT}/Pods/Target Support Files/Pods-HSAPP-iOS/Pods-HSAPP-iOS-frameworks.sh",
				"${BUILT_PRODUCTS_DIR}/SnapKit/SnapKit.framework",
			);
			name = "[CP] Embed Pods Frameworks";
			outputPaths = (
				"${TARGET_BUILD_DIR}/${FRAMEWORKS_FOLDER_PATH}/SnapKit.framework",
			);
			runOnlyForDeploymentPostprocessing = 0;
			shellPath = /bin/sh;
			shellScript = "\"${SRCROOT}/Pods/Target Support Files/Pods-HSAPP-iOS/Pods-HSAPP-iOS-frameworks.sh\"\n";
			showEnvVarsInLog = 0;
		};
/* End PBXShellScriptBuildPhase section */

/* Begin PBXSourcesBuildPhase section */
		48BFE45C20C8A35F00E656D7 /* Sources */ = {
			isa = PBXSourcesBuildPhase;
			buildActionMask = 2147483647;
			files = (
				4811752120C9B6B3000F070C /* EventDetailViewController.swift in Sources */,
				4811752520C9CF39000F070C /* Event.swift in Sources */,
				848C641720C9BB5C0012A287 /* Assignment.swift in Sources */,
				48086C5920CB2FC000C856F7 /* Club.swift in Sources */,
				48E6105920C8C1C400DFC232 /* EventCell.swift in Sources */,
				48BC4CA420CF3A16000032D1 /* CafeteriaCell.swift in Sources */,
				48086C5420CB170700C856F7 /* ClubsViewController.swift in Sources */,
				48BC4CAB20CF5202000032D1 /* MenuItemCell.swift in Sources */,
				848C641220C9BA0B0012A287 /* ClassCell.swift in Sources */,
				48BC4CA220CF176F000032D1 /* HomeViewController.swift in Sources */,
				848C641020C9B8950012A287 /* ClassesViewController.swift in Sources */,
				48BFE46620C8A35F00E656D7 /* InitialTabBarController.swift in Sources */,
				48086C5B20CC89D700C856F7 /* ClubDetailViewController.swift in Sources */,
				48086C5720CB2F9700C856F7 /* ClubCell.swift in Sources */,
				48BFE46420C8A35F00E656D7 /* AppDelegate.swift in Sources */,
				8450390920CC8CD600A4C803 /* ClassDetailHeaderView.swift in Sources */,
				4811752320C9B7BE000F070C /* AppColors.swift in Sources */,
				8450391220CDFFF900A4C803 /* ProgressTableCell.swift in Sources */,
				48E6105420C8B3BA00DFC232 /* EventsViewController.swift in Sources */,
				48BC4CA620CF3E5E000032D1 /* Menu.swift in Sources */,
				8450391420CE004600A4C803 /* ProgressCollectionCell.swift in Sources */,
				8450391620CE377800A4C803 /* TableviewHeaderHelper.swift in Sources */,
				48BC4CA920CF510D000032D1 /* MenuDetailViewController.swift in Sources */,
				848C641B20CAEF000012A287 /* ClassDetailViewController.swift in Sources */,
				848C641D20CB07BD0012A287 /* AssignmentCell.swift in Sources */,
				848C641920C9BD570012A287 /* Classroom.swift in Sources */,
			);
			runOnlyForDeploymentPostprocessing = 0;
		};
/* End PBXSourcesBuildPhase section */

/* Begin XCBuildConfiguration section */
		48BFE47020C8A36100E656D7 /* Debug */ = {
			isa = XCBuildConfiguration;
			buildSettings = {
				ALWAYS_SEARCH_USER_PATHS = NO;
				CLANG_ANALYZER_NONNULL = YES;
				CLANG_ANALYZER_NUMBER_OBJECT_CONVERSION = YES_AGGRESSIVE;
				CLANG_CXX_LANGUAGE_STANDARD = "gnu++14";
				CLANG_CXX_LIBRARY = "libc++";
				CLANG_ENABLE_MODULES = YES;
				CLANG_ENABLE_OBJC_ARC = YES;
				CLANG_ENABLE_OBJC_WEAK = YES;
				CLANG_WARN_BLOCK_CAPTURE_AUTORELEASING = YES;
				CLANG_WARN_BOOL_CONVERSION = YES;
				CLANG_WARN_COMMA = YES;
				CLANG_WARN_CONSTANT_CONVERSION = YES;
				CLANG_WARN_DEPRECATED_OBJC_IMPLEMENTATIONS = YES;
				CLANG_WARN_DIRECT_OBJC_ISA_USAGE = YES_ERROR;
				CLANG_WARN_DOCUMENTATION_COMMENTS = YES;
				CLANG_WARN_EMPTY_BODY = YES;
				CLANG_WARN_ENUM_CONVERSION = YES;
				CLANG_WARN_INFINITE_RECURSION = YES;
				CLANG_WARN_INT_CONVERSION = YES;
				CLANG_WARN_NON_LITERAL_NULL_CONVERSION = YES;
				CLANG_WARN_OBJC_IMPLICIT_RETAIN_SELF = YES;
				CLANG_WARN_OBJC_LITERAL_CONVERSION = YES;
				CLANG_WARN_OBJC_ROOT_CLASS = YES_ERROR;
				CLANG_WARN_RANGE_LOOP_ANALYSIS = YES;
				CLANG_WARN_STRICT_PROTOTYPES = YES;
				CLANG_WARN_SUSPICIOUS_MOVE = YES;
				CLANG_WARN_UNGUARDED_AVAILABILITY = YES_AGGRESSIVE;
				CLANG_WARN_UNREACHABLE_CODE = YES;
				CLANG_WARN__DUPLICATE_METHOD_MATCH = YES;
				CODE_SIGN_IDENTITY = "iPhone Developer";
				COPY_PHASE_STRIP = NO;
				DEBUG_INFORMATION_FORMAT = dwarf;
				ENABLE_STRICT_OBJC_MSGSEND = YES;
				ENABLE_TESTABILITY = YES;
				GCC_C_LANGUAGE_STANDARD = gnu11;
				GCC_DYNAMIC_NO_PIC = NO;
				GCC_NO_COMMON_BLOCKS = YES;
				GCC_OPTIMIZATION_LEVEL = 0;
				GCC_PREPROCESSOR_DEFINITIONS = (
					"DEBUG=1",
					"$(inherited)",
				);
				GCC_WARN_64_TO_32_BIT_CONVERSION = YES;
				GCC_WARN_ABOUT_RETURN_TYPE = YES_ERROR;
				GCC_WARN_UNDECLARED_SELECTOR = YES;
				GCC_WARN_UNINITIALIZED_AUTOS = YES_AGGRESSIVE;
				GCC_WARN_UNUSED_FUNCTION = YES;
				GCC_WARN_UNUSED_VARIABLE = YES;
				IPHONEOS_DEPLOYMENT_TARGET = 11.4;
				MTL_ENABLE_DEBUG_INFO = YES;
				ONLY_ACTIVE_ARCH = YES;
				SDKROOT = iphoneos;
				SWIFT_ACTIVE_COMPILATION_CONDITIONS = DEBUG;
				SWIFT_OPTIMIZATION_LEVEL = "-Onone";
			};
			name = Debug;
		};
		48BFE47120C8A36100E656D7 /* Release */ = {
			isa = XCBuildConfiguration;
			buildSettings = {
				ALWAYS_SEARCH_USER_PATHS = NO;
				CLANG_ANALYZER_NONNULL = YES;
				CLANG_ANALYZER_NUMBER_OBJECT_CONVERSION = YES_AGGRESSIVE;
				CLANG_CXX_LANGUAGE_STANDARD = "gnu++14";
				CLANG_CXX_LIBRARY = "libc++";
				CLANG_ENABLE_MODULES = YES;
				CLANG_ENABLE_OBJC_ARC = YES;
				CLANG_ENABLE_OBJC_WEAK = YES;
				CLANG_WARN_BLOCK_CAPTURE_AUTORELEASING = YES;
				CLANG_WARN_BOOL_CONVERSION = YES;
				CLANG_WARN_COMMA = YES;
				CLANG_WARN_CONSTANT_CONVERSION = YES;
				CLANG_WARN_DEPRECATED_OBJC_IMPLEMENTATIONS = YES;
				CLANG_WARN_DIRECT_OBJC_ISA_USAGE = YES_ERROR;
				CLANG_WARN_DOCUMENTATION_COMMENTS = YES;
				CLANG_WARN_EMPTY_BODY = YES;
				CLANG_WARN_ENUM_CONVERSION = YES;
				CLANG_WARN_INFINITE_RECURSION = YES;
				CLANG_WARN_INT_CONVERSION = YES;
				CLANG_WARN_NON_LITERAL_NULL_CONVERSION = YES;
				CLANG_WARN_OBJC_IMPLICIT_RETAIN_SELF = YES;
				CLANG_WARN_OBJC_LITERAL_CONVERSION = YES;
				CLANG_WARN_OBJC_ROOT_CLASS = YES_ERROR;
				CLANG_WARN_RANGE_LOOP_ANALYSIS = YES;
				CLANG_WARN_STRICT_PROTOTYPES = YES;
				CLANG_WARN_SUSPICIOUS_MOVE = YES;
				CLANG_WARN_UNGUARDED_AVAILABILITY = YES_AGGRESSIVE;
				CLANG_WARN_UNREACHABLE_CODE = YES;
				CLANG_WARN__DUPLICATE_METHOD_MATCH = YES;
				CODE_SIGN_IDENTITY = "iPhone Developer";
				COPY_PHASE_STRIP = NO;
				DEBUG_INFORMATION_FORMAT = "dwarf-with-dsym";
				ENABLE_NS_ASSERTIONS = NO;
				ENABLE_STRICT_OBJC_MSGSEND = YES;
				GCC_C_LANGUAGE_STANDARD = gnu11;
				GCC_NO_COMMON_BLOCKS = YES;
				GCC_WARN_64_TO_32_BIT_CONVERSION = YES;
				GCC_WARN_ABOUT_RETURN_TYPE = YES_ERROR;
				GCC_WARN_UNDECLARED_SELECTOR = YES;
				GCC_WARN_UNINITIALIZED_AUTOS = YES_AGGRESSIVE;
				GCC_WARN_UNUSED_FUNCTION = YES;
				GCC_WARN_UNUSED_VARIABLE = YES;
				IPHONEOS_DEPLOYMENT_TARGET = 11.4;
				MTL_ENABLE_DEBUG_INFO = NO;
				SDKROOT = iphoneos;
				SWIFT_COMPILATION_MODE = wholemodule;
				SWIFT_OPTIMIZATION_LEVEL = "-O";
				VALIDATE_PRODUCT = YES;
			};
			name = Release;
		};
		48BFE47320C8A36100E656D7 /* Debug */ = {
			isa = XCBuildConfiguration;
			baseConfigurationReference = CC10160B62AD6FFA04666A5B /* Pods-HSAPP-iOS.debug.xcconfig */;
			buildSettings = {
				ASSETCATALOG_COMPILER_APPICON_NAME = AppIcon;
				CODE_SIGN_STYLE = Automatic;
				DEVELOPMENT_TEAM = X3T6G6B4MK;
				INFOPLIST_FILE = "HSAPP-iOS/Info.plist";
				IPHONEOS_DEPLOYMENT_TARGET = 11.0;
				LD_RUNPATH_SEARCH_PATHS = (
					"$(inherited)",
					"@executable_path/Frameworks",
				);
				PRODUCT_BUNDLE_IDENTIFIER = "com.TonyCioara.HSAPP-iOS";
				PRODUCT_NAME = "$(TARGET_NAME)";
				SWIFT_VERSION = 4.0;
				TARGETED_DEVICE_FAMILY = "1,2";
			};
			name = Debug;
		};
		48BFE47420C8A36100E656D7 /* Release */ = {
			isa = XCBuildConfiguration;
			baseConfigurationReference = EB1BD374D78CD1AFE1CB1DF8 /* Pods-HSAPP-iOS.release.xcconfig */;
			buildSettings = {
				ASSETCATALOG_COMPILER_APPICON_NAME = AppIcon;
				CODE_SIGN_STYLE = Automatic;
				DEVELOPMENT_TEAM = X3T6G6B4MK;
				INFOPLIST_FILE = "HSAPP-iOS/Info.plist";
				IPHONEOS_DEPLOYMENT_TARGET = 11.0;
				LD_RUNPATH_SEARCH_PATHS = (
					"$(inherited)",
					"@executable_path/Frameworks",
				);
				PRODUCT_BUNDLE_IDENTIFIER = "com.TonyCioara.HSAPP-iOS";
				PRODUCT_NAME = "$(TARGET_NAME)";
				SWIFT_VERSION = 4.0;
				TARGETED_DEVICE_FAMILY = "1,2";
			};
			name = Release;
		};
/* End XCBuildConfiguration section */

/* Begin XCConfigurationList section */
		48BFE45B20C8A35F00E656D7 /* Build configuration list for PBXProject "HSAPP-iOS" */ = {
			isa = XCConfigurationList;
			buildConfigurations = (
				48BFE47020C8A36100E656D7 /* Debug */,
				48BFE47120C8A36100E656D7 /* Release */,
			);
			defaultConfigurationIsVisible = 0;
			defaultConfigurationName = Release;
		};
		48BFE47220C8A36100E656D7 /* Build configuration list for PBXNativeTarget "HSAPP-iOS" */ = {
			isa = XCConfigurationList;
			buildConfigurations = (
				48BFE47320C8A36100E656D7 /* Debug */,
				48BFE47420C8A36100E656D7 /* Release */,
			);
			defaultConfigurationIsVisible = 0;
			defaultConfigurationName = Release;
		};
/* End XCConfigurationList section */
	};
	rootObject = 48BFE45820C8A35F00E656D7 /* Project object */;
}
